
Microsoft Visual Studio Solution File, Format Version 12.00
# Visual Studio Version 17
VisualStudioVersion = 17.11.35327.3
MinimumVisualStudioVersion = 10.0.40219.1
Project("{9A19103F-16F7-4668-BE54-9A1E7A4F7556}") = "Expenses.Web", "Expenses.Web\Expenses.Web.csproj", "{5B2D7B26-5873-4E08-B36E-627CAA9AB13B}"
EndProject
Project("{9A19103F-16F7-4668-BE54-9A1E7A4F7556}") = "Expenses.Models", "Expenses.Models\Expenses.Models.csproj", "{2B37E8C8-EE41-41EB-B0EE-CEDE45494B90}"
EndProject
Project("{9A19103F-16F7-4668-BE54-9A1E7A4F7556}") = "Expenses.DataAccess", "Expenses.DataAccess\Expenses.DataAccess.csproj", "{33709521-7F33-4B22-BFD6-D4DD0ED2BBD5}"
EndProject
Global
	GlobalSection(SolutionConfigurationPlatforms) = preSolution
		Debug|Any CPU = Debug|Any CPU
		Release|Any CPU = Release|Any CPU
	EndGlobalSection
	GlobalSection(ProjectConfigurationPlatforms) = postSolution
		{5B2D7B26-5873-4E08-B36E-627CAA9AB13B}.Debug|Any CPU.ActiveCfg = Debug|Any CPU
		{5B2D7B26-5873-4E08-B36E-627CAA9AB13B}.Debug|Any CPU.Build.0 = Debug|Any CPU
		{5B2D7B26-5873-4E08-B36E-627CAA9AB13B}.Release|Any CPU.ActiveCfg = Release|Any CPU
		{5B2D7B26-5873-4E08-B36E-627CAA9AB13B}.Release|Any CPU.Build.0 = Release|Any CPU
		{2B37E8C8-EE41-41EB-B0EE-CEDE45494B90}.Debug|Any CPU.ActiveCfg = Debug|Any CPU
		{2B37E8C8-EE41-41EB-B0EE-CEDE45494B90}.Debug|Any CPU.Build.0 = Debug|Any CPU
		{2B37E8C8-EE41-41EB-B0EE-CEDE45494B90}.Release|Any CPU.ActiveCfg = Release|Any CPU
		{2B37E8C8-EE41-41EB-B0EE-CEDE45494B90}.Release|Any CPU.Build.0 = Release|Any CPU
		{33709521-7F33-4B22-BFD6-D4DD0ED2BBD5}.Debug|Any CPU.ActiveCfg = Debug|Any CPU
		{33709521-7F33-4B22-BFD6-D4DD0ED2BBD5}.Debug|Any CPU.Build.0 = Debug|Any CPU
		{33709521-7F33-4B22-BFD6-D4DD0ED2BBD5}.Release|Any CPU.ActiveCfg = Release|Any CPU
		{33709521-7F33-4B22-BFD6-D4DD0ED2BBD5}.Release|Any CPU.Build.0 = Release|Any CPU
	EndGlobalSection
	GlobalSection(SolutionProperties) = preSolution
		HideSolutionNode = FALSE
	EndGlobalSection
	GlobalSection(ExtensibilityGlobals) = postSolution
		SolutionGuid = {B05565AF-E2E7-40E4-AEB5-EE4BADD10379}
	EndGlobalSection
EndGlobal
